
Microsoft Visual Studio Solution File, Format Version 12.00
# Visual Studio 14
VisualStudioVersion = 14.0.22609.0
MinimumVisualStudioVersion = 10.0.40219.1
Project("{FAE04EC0-301F-11D3-BF4B-00C04F79EFBC}") = "WebJobsDemo.Web", "WebJobsDemo.Web\WebJobsDemo.Web.csproj", "{7AF5CAD4-9AF9-47F2-8623-42B3FCE31AF9}"
EndProject
Project("{FAE04EC0-301F-11D3-BF4B-00C04F79EFBC}") = "WebJobsDemo.SampleJobs", "WebJobsDemo.SampleJobs\WebJobsDemo.SampleJobs.csproj", "{3A4F3C0A-41A8-40E1-B2D2-586AD53C8590}"
EndProject
Project("{FAE04EC0-301F-11D3-BF4B-00C04F79EFBC}") = "WebJobsDemo.Sample", "WebJobsDemo.Sample\WebJobsDemo.Sample.csproj", "{3F5731BD-E582-4A4F-A7F5-00B60F27BCDD}"
EndProject
Project("{FAE04EC0-301F-11D3-BF4B-00C04F79EFBC}") = "WebJobsDemo.RxLogging", "WebJobsDemo.RxLogging\WebJobsDemo.RxLogging.csproj", "{D7A1B3A9-813D-4003-BCCF-23D88D275562}"
EndProject
Project("{2150E333-8FDC-42A3-9474-1A3956D46DE8}") = "Solution Items", "Solution Items", "{B8B87B69-9B16-429A-89E3-3BC295E4A8AA}"
	ProjectSection(SolutionItems) = preProject
		.gitignore = .gitignore
	EndProjectSection
EndProject
Project("{FAE04EC0-301F-11D3-BF4B-00C04F79EFBC}") = "WebJobsDemo.OnDemand", "WebJobsDemo.OnDemand\WebJobsDemo.OnDemand.csproj", "{5CA05CB6-6AE5-4095-BB2F-F9F0A85F8359}"
EndProject
Global
	GlobalSection(SolutionConfigurationPlatforms) = preSolution
		Debug|Any CPU = Debug|Any CPU
		Release|Any CPU = Release|Any CPU
	EndGlobalSection
	GlobalSection(ProjectConfigurationPlatforms) = postSolution
		{7AF5CAD4-9AF9-47F2-8623-42B3FCE31AF9}.Debug|Any CPU.ActiveCfg = Debug|Any CPU
		{7AF5CAD4-9AF9-47F2-8623-42B3FCE31AF9}.Debug|Any CPU.Build.0 = Debug|Any CPU
		{7AF5CAD4-9AF9-47F2-8623-42B3FCE31AF9}.Release|Any CPU.ActiveCfg = Release|Any CPU
		{7AF5CAD4-9AF9-47F2-8623-42B3FCE31AF9}.Release|Any CPU.Build.0 = Release|Any CPU
		{3A4F3C0A-41A8-40E1-B2D2-586AD53C8590}.Debug|Any CPU.ActiveCfg = Debug|Any CPU
		{3A4F3C0A-41A8-40E1-B2D2-586AD53C8590}.Debug|Any CPU.Build.0 = Debug|Any CPU
		{3A4F3C0A-41A8-40E1-B2D2-586AD53C8590}.Release|Any CPU.ActiveCfg = Release|Any CPU
		{3A4F3C0A-41A8-40E1-B2D2-586AD53C8590}.Release|Any CPU.Build.0 = Release|Any CPU
		{3F5731BD-E582-4A4F-A7F5-00B60F27BCDD}.Debug|Any CPU.ActiveCfg = Debug|Any CPU
		{3F5731BD-E582-4A4F-A7F5-00B60F27BCDD}.Debug|Any CPU.Build.0 = Debug|Any CPU
		{3F5731BD-E582-4A4F-A7F5-00B60F27BCDD}.Release|Any CPU.ActiveCfg = Release|Any CPU
		{3F5731BD-E582-4A4F-A7F5-00B60F27BCDD}.Release|Any CPU.Build.0 = Release|Any CPU
		{D7A1B3A9-813D-4003-BCCF-23D88D275562}.Debug|Any CPU.ActiveCfg = Debug|Any CPU
		{D7A1B3A9-813D-4003-BCCF-23D88D275562}.Debug|Any CPU.Build.0 = Debug|Any CPU
		{D7A1B3A9-813D-4003-BCCF-23D88D275562}.Release|Any CPU.ActiveCfg = Release|Any CPU
		{D7A1B3A9-813D-4003-BCCF-23D88D275562}.Release|Any CPU.Build.0 = Release|Any CPU
		{5CA05CB6-6AE5-4095-BB2F-F9F0A85F8359}.Debug|Any CPU.ActiveCfg = Debug|Any CPU
		{5CA05CB6-6AE5-4095-BB2F-F9F0A85F8359}.Debug|Any CPU.Build.0 = Debug|Any CPU
		{5CA05CB6-6AE5-4095-BB2F-F9F0A85F8359}.Release|Any CPU.ActiveCfg = Release|Any CPU
		{5CA05CB6-6AE5-4095-BB2F-F9F0A85F8359}.Release|Any CPU.Build.0 = Release|Any CPU
	EndGlobalSection
	GlobalSection(SolutionProperties) = preSolution
		HideSolutionNode = FALSE
	EndGlobalSection
EndGlobal
